
Microsoft Visual Studio Solution File, Format Version 12.00
# Visual Studio Version 17
VisualStudioVersion = 17.13.35931.197 d17.13
MinimumVisualStudioVersion = 10.0.40219.1
Project("{FAE04EC0-301F-11D3-BF4B-00C04F79EFBC}") = "PokemonApp", "PokemonApp.csproj", "{5BCD0EBF-7BD7-E9C0-AD4F-D6C0657BC037}"
EndProject
Global
	GlobalSection(SolutionConfigurationPlatforms) = preSolution
		Debug|Any CPU = Debug|Any CPU
		Release|Any CPU = Release|Any CPU
	EndGlobalSection
	GlobalSection(ProjectConfigurationPlatforms) = postSolution
		{5BCD0EBF-7BD7-E9C0-AD4F-D6C0657BC037}.Debug|Any CPU.ActiveCfg = Debug|Any CPU
		{5BCD0EBF-7BD7-E9C0-AD4F-D6C0657BC037}.Debug|Any CPU.Build.0 = Debug|Any CPU
		{5BCD0EBF-7BD7-E9C0-AD4F-D6C0657BC037}.Release|Any CPU.ActiveCfg = Release|Any CPU
		{5BCD0EBF-7BD7-E9C0-AD4F-D6C0657BC037}.Release|Any CPU.Build.0 = Release|Any CPU
	EndGlobalSection
	GlobalSection(SolutionProperties) = preSolution
		HideSolutionNode = FALSE
	EndGlobalSection
	GlobalSection(ExtensibilityGlobals) = postSolution
		SolutionGuid = {58B1F969-54F4-4B4E-9051-22AF204A2385}
	EndGlobalSection
EndGlobal
